
Microsoft Visual Studio Solution File, Format Version 12.00
# Visual Studio Version 17
VisualStudioVersion = 17.3.32825.248
MinimumVisualStudioVersion = 10.0.40219.1
Project("{FAE04EC0-301F-11D3-BF4B-00C04F79EFBC}") = "Cache SQL Dependency", "Cache SQL Dependency.csproj", "{A088F08C-BA47-4E40-A745-32345B6BE30D}"
EndProject
Global
	GlobalSection(SolutionConfigurationPlatforms) = preSolution
		Debug|Any CPU = Debug|Any CPU
		Release|Any CPU = Release|Any CPU
	EndGlobalSection
	GlobalSection(ProjectConfigurationPlatforms) = postSolution
		{A088F08C-BA47-4E40-A745-32345B6BE30D}.Debug|Any CPU.ActiveCfg = Debug|Any CPU
		{A088F08C-BA47-4E40-A745-32345B6BE30D}.Debug|Any CPU.Build.0 = Debug|Any CPU
		{A088F08C-BA47-4E40-A745-32345B6BE30D}.Release|Any CPU.ActiveCfg = Release|Any CPU
		{A088F08C-BA47-4E40-A745-32345B6BE30D}.Release|Any CPU.Build.0 = Release|Any CPU
	EndGlobalSection
	GlobalSection(SolutionProperties) = preSolution
		HideSolutionNode = FALSE
	EndGlobalSection
	GlobalSection(ExtensibilityGlobals) = postSolution
		SolutionGuid = {D36DB85D-0ABD-4BB3-928E-28D7B74E1456}
	EndGlobalSection
EndGlobal
